# THIS IS AN AUTOGENERATED FILE. DO NOT EDIT THIS FILE DIRECTLY.
# yarn lockfile v1


"@napi-rs/cli@^2.11.4":
  version "2.11.4"
  resolved "https://registry.yarnpkg.com/@napi-rs/cli/-/cli-2.11.4.tgz#28bea72dd6758ce7fc94d515493c5bd1ef00b6ec"
  integrity sha512-rjU651owB4GJetO3pnu3B8TyVM3Fis3AYb+U16bKxYyykp81S+dJlIgWc8Lc0t55PYbHlBM3hxdgy4pultxMAw==
